// !$*UTF8*$!
{
	archiveVersion = 1;
	classes = {
	};
	objectVersion = 77;
	objects = {

/* Begin PBXBuildFile section */
		830044D52DC2C4F200439EC8 /* RemoveUserAlertView.swift in Sources */ = {isa = PBXBuildFile; fileRef = 830044D42DC2C4F200439EC8 /* RemoveUserAlertView.swift */; };
		830C7D0E2CF3D96D00B03417 /* Poppins-Bold.ttf in Resources */ = {isa = PBXBuildFile; fileRef = 830C7D0D2CF3D96D00B03417 /* Poppins-Bold.ttf */; };
		836BB7CF2DBAD3EF00C9F8AC /* Localizable.strings in Resources */ = {isa = PBXBuildFile; fileRef = 836BB7CE2DBAD3EF00C9F8AC /* Localizable.strings */; };
		8373A7002CE55541007E1274 /* GoogleSignIn in Frameworks */ = {isa = PBXBuildFile; productRef = 8373A6FF2CE55541007E1274 /* GoogleSignIn */; };
		8373A7022CE55541007E1274 /* GoogleSignInSwift in Frameworks */ = {isa = PBXBuildFile; productRef = 8373A7012CE55541007E1274 /* GoogleSignInSwift */; };
		8387D5BF2DA9AA10003006C0 /* UserSearchItem.swift in Sources */ = {isa = PBXBuildFile; fileRef = 8387D5BE2DA9AA10003006C0 /* UserSearchItem.swift */; };
		8397EFC42CE41B16005F9F2E /* FirebaseAnalytics in Frameworks */ = {isa = PBXBuildFile; productRef = 8397EFC32CE41B16005F9F2E /* FirebaseAnalytics */; };
		8397EFC62CE41B16005F9F2E /* FirebaseAuth in Frameworks */ = {isa = PBXBuildFile; productRef = 8397EFC52CE41B16005F9F2E /* FirebaseAuth */; };
		8397EFC82CE41B16005F9F2E /* FirebaseCore in Frameworks */ = {isa = PBXBuildFile; productRef = 8397EFC72CE41B16005F9F2E /* FirebaseCore */; };
		8397EFCA2CE41B16005F9F2E /* FirebaseDatabase in Frameworks */ = {isa = PBXBuildFile; productRef = 8397EFC92CE41B16005F9F2E /* FirebaseDatabase */; };
		8397EFEA2CE4224E005F9F2E /* FirebaseFirestore in Frameworks */ = {isa = PBXBuildFile; productRef = 8397EFE92CE4224E005F9F2E /* FirebaseFirestore */; };
		83A001BA2CF3D7F800863A63 /* Poppins-Regular.ttf in Resources */ = {isa = PBXBuildFile; fileRef = 83A001B92CF3D7F800863A63 /* Poppins-Regular.ttf */; };
		83B346902DA9696400DEC239 /* Preview Assets.xcassets in Resources */ = {isa = PBXBuildFile; fileRef = 83B346772DA9696400DEC239 /* Preview Assets.xcassets */; };
		83B346912DA9696400DEC239 /* .gitignore in Resources */ = {isa = PBXBuildFile; fileRef = 83B346882DA9696400DEC239 /* .gitignore */; };
		83B346922DA9696400DEC239 /* Assets.xcassets in Resources */ = {isa = PBXBuildFile; fileRef = 83B346892DA9696400DEC239 /* Assets.xcassets */; };
		83B346932DA9696400DEC239 /* GoogleService-Info.plist in Resources */ = {isa = PBXBuildFile; fileRef = 83B3468C2DA9696400DEC239 /* GoogleService-Info.plist */; };
		83B346952DA9696400DEC239 /* Project.swift in Sources */ = {isa = PBXBuildFile; fileRef = 83B3466D2DA9696400DEC239 /* Project.swift */; };
		83B346962DA9696400DEC239 /* ProjectTask.swift in Sources */ = {isa = PBXBuildFile; fileRef = 83B3466E2DA9696400DEC239 /* ProjectTask.swift */; };
		83B346972DA9696400DEC239 /* UserDetails.swift in Sources */ = {isa = PBXBuildFile; fileRef = 83B3466F2DA9696400DEC239 /* UserDetails.swift */; };
		83B346982DA9696400DEC239 /* AuthManager.swift in Sources */ = {isa = PBXBuildFile; fileRef = 83B346712DA9696400DEC239 /* AuthManager.swift */; };
		83B346992DA9696400DEC239 /* AuthViewModel.swift in Sources */ = {isa = PBXBuildFile; fileRef = 83B346722DA9696400DEC239 /* AuthViewModel.swift */; };
		83B3469A2DA9696400DEC239 /* DatabaseManager.swift in Sources */ = {isa = PBXBuildFile; fileRef = 83B346732DA9696400DEC239 /* DatabaseManager.swift */; };
		83B3469B2DA9696400DEC239 /* DatabaseViewModel.swift in Sources */ = {isa = PBXBuildFile; fileRef = 83B346742DA9696400DEC239 /* DatabaseViewModel.swift */; };
		83B3469C2DA9696400DEC239 /* GoogleSignInManager.swift in Sources */ = {isa = PBXBuildFile; fileRef = 83B346752DA9696400DEC239 /* GoogleSignInManager.swift */; };
		83B3469D2DA9696400DEC239 /* AccountView.swift in Sources */ = {isa = PBXBuildFile; fileRef = 83B346792DA9696400DEC239 /* AccountView.swift */; };
		83B3469E2DA9696400DEC239 /* AuthenticatedHomeView.swift in Sources */ = {isa = PBXBuildFile; fileRef = 83B3467A2DA9696400DEC239 /* AuthenticatedHomeView.swift */; };
		83B3469F2DA9696400DEC239 /* CharacterCounterView.swift in Sources */ = {isa = PBXBuildFile; fileRef = 83B3467B2DA9696400DEC239 /* CharacterCounterView.swift */; };
		83B346A02DA9696400DEC239 /* DeleteCompletedTaskAlertView.swift in Sources */ = {isa = PBXBuildFile; fileRef = 83B3467C2DA9696400DEC239 /* DeleteCompletedTaskAlertView.swift */; };
		83B346A12DA9696400DEC239 /* DeleteProjectAlertView.swift in Sources */ = {isa = PBXBuildFile; fileRef = 83B3467D2DA9696400DEC239 /* DeleteProjectAlertView.swift */; };
		83B346A22DA9696400DEC239 /* EditProjectView.swift in Sources */ = {isa = PBXBuildFile; fileRef = 83B3467E2DA9696400DEC239 /* EditProjectView.swift */; };
		83B346A32DA9696400DEC239 /* EditTaskView.swift in Sources */ = {isa = PBXBuildFile; fileRef = 83B3467F2DA9696400DEC239 /* EditTaskView.swift */; };
		83B346A42DA9696400DEC239 /* HomeView.swift in Sources */ = {isa = PBXBuildFile; fileRef = 83B346802DA9696400DEC239 /* HomeView.swift */; };
		83B346A52DA9696400DEC239 /* LoginView.swift in Sources */ = {isa = PBXBuildFile; fileRef = 83B346812DA9696400DEC239 /* LoginView.swift */; };
		83B346A62DA9696400DEC239 /* ProjectDetailView.swift in Sources */ = {isa = PBXBuildFile; fileRef = 83B346822DA9696400DEC239 /* ProjectDetailView.swift */; };
		83B346A72DA9696400DEC239 /* ProjectsListView.swift in Sources */ = {isa = PBXBuildFile; fileRef = 83B346832DA9696400DEC239 /* ProjectsListView.swift */; };
		83B346A82DA9696400DEC239 /* UserCompletedTaskView.swift in Sources */ = {isa = PBXBuildFile; fileRef = 83B346842DA9696400DEC239 /* UserCompletedTaskView.swift */; };
		83B346A92DA9696400DEC239 /* UserSearchScreen.swift in Sources */ = {isa = PBXBuildFile; fileRef = 83B346852DA9696400DEC239 /* UserSearchScreen.swift */; };
		83B346AA2DA9696400DEC239 /* UserTasksView.swift in Sources */ = {isa = PBXBuildFile; fileRef = 83B346862DA9696400DEC239 /* UserTasksView.swift */; };
		83B346AB2DA9696400DEC239 /* Constants.swift in Sources */ = {isa = PBXBuildFile; fileRef = 83B3468A2DA9696400DEC239 /* Constants.swift */; };
		83B346AC2DA9696400DEC239 /* ContentView.swift in Sources */ = {isa = PBXBuildFile; fileRef = 83B3468B2DA9696400DEC239 /* ContentView.swift */; };
		83B346AD2DA9696400DEC239 /* ProjectBloomApp.swift in Sources */ = {isa = PBXBuildFile; fileRef = 83B3468E2DA9696400DEC239 /* ProjectBloomApp.swift */; };
/* End PBXBuildFile section */

/* Begin PBXFileReference section */
		830044D42DC2C4F200439EC8 /* RemoveUserAlertView.swift */ = {isa = PBXFileReference; lastKnownFileType = sourcecode.swift; path = RemoveUserAlertView.swift; sourceTree = "<group>"; };
		830C7D0D2CF3D96D00B03417 /* Poppins-Bold.ttf */ = {isa = PBXFileReference; lastKnownFileType = file; path = "Poppins-Bold.ttf"; sourceTree = "<group>"; };
		831B82CD2CDD37C7000A48AF /* ProjectBloom.app */ = {isa = PBXFileReference; explicitFileType = wrapper.application; includeInIndex = 0; path = ProjectBloom.app; sourceTree = BUILT_PRODUCTS_DIR; };
		836BB7CE2DBAD3EF00C9F8AC /* Localizable.strings */ = {isa = PBXFileReference; lastKnownFileType = text.plist.strings; path = Localizable.strings; sourceTree = "<group>"; };
		8387D5BE2DA9AA10003006C0 /* UserSearchItem.swift */ = {isa = PBXFileReference; lastKnownFileType = sourcecode.swift; path = UserSearchItem.swift; sourceTree = "<group>"; };
		83A001B92CF3D7F800863A63 /* Poppins-Regular.ttf */ = {isa = PBXFileReference; lastKnownFileType = file; path = "Poppins-Regular.ttf"; sourceTree = "<group>"; };
		83B3466D2DA9696400DEC239 /* Project.swift */ = {isa = PBXFileReference; lastKnownFileType = sourcecode.swift; path = Project.swift; sourceTree = "<group>"; };
		83B3466E2DA9696400DEC239 /* ProjectTask.swift */ = {isa = PBXFileReference; lastKnownFileType = sourcecode.swift; path = ProjectTask.swift; sourceTree = "<group>"; };
		83B3466F2DA9696400DEC239 /* UserDetails.swift */ = {isa = PBXFileReference; lastKnownFileType = sourcecode.swift; path = UserDetails.swift; sourceTree = "<group>"; };
		83B346712DA9696400DEC239 /* AuthManager.swift */ = {isa = PBXFileReference; lastKnownFileType = sourcecode.swift; path = AuthManager.swift; sourceTree = "<group>"; };
		83B346722DA9696400DEC239 /* AuthViewModel.swift */ = {isa = PBXFileReference; lastKnownFileType = sourcecode.swift; path = AuthViewModel.swift; sourceTree = "<group>"; };
		83B346732DA9696400DEC239 /* DatabaseManager.swift */ = {isa = PBXFileReference; lastKnownFileType = sourcecode.swift; path = DatabaseManager.swift; sourceTree = "<group>"; };
		83B346742DA9696400DEC239 /* DatabaseViewModel.swift */ = {isa = PBXFileReference; lastKnownFileType = sourcecode.swift; path = DatabaseViewModel.swift; sourceTree = "<group>"; };
		83B346752DA9696400DEC239 /* GoogleSignInManager.swift */ = {isa = PBXFileReference; lastKnownFileType = sourcecode.swift; path = GoogleSignInManager.swift; sourceTree = "<group>"; };
		83B346772DA9696400DEC239 /* Preview Assets.xcassets */ = {isa = PBXFileReference; lastKnownFileType = folder.assetcatalog; path = "Preview Assets.xcassets"; sourceTree = "<group>"; };
		83B346792DA9696400DEC239 /* AccountView.swift */ = {isa = PBXFileReference; lastKnownFileType = sourcecode.swift; path = AccountView.swift; sourceTree = "<group>"; };
		83B3467A2DA9696400DEC239 /* AuthenticatedHomeView.swift */ = {isa = PBXFileReference; lastKnownFileType = sourcecode.swift; path = AuthenticatedHomeView.swift; sourceTree = "<group>"; };
		83B3467B2DA9696400DEC239 /* CharacterCounterView.swift */ = {isa = PBXFileReference; lastKnownFileType = sourcecode.swift; path = CharacterCounterView.swift; sourceTree = "<group>"; };
		83B3467C2DA9696400DEC239 /* DeleteCompletedTaskAlertView.swift */ = {isa = PBXFileReference; lastKnownFileType = sourcecode.swift; path = DeleteCompletedTaskAlertView.swift; sourceTree = "<group>"; };
		83B3467D2DA9696400DEC239 /* DeleteProjectAlertView.swift */ = {isa = PBXFileReference; lastKnownFileType = sourcecode.swift; path = DeleteProjectAlertView.swift; sourceTree = "<group>"; };
		83B3467E2DA9696400DEC239 /* EditProjectView.swift */ = {isa = PBXFileReference; lastKnownFileType = sourcecode.swift; path = EditProjectView.swift; sourceTree = "<group>"; };
		83B3467F2DA9696400DEC239 /* EditTaskView.swift */ = {isa = PBXFileReference; lastKnownFileType = sourcecode.swift; path = EditTaskView.swift; sourceTree = "<group>"; };
		83B346802DA9696400DEC239 /* HomeView.swift */ = {isa = PBXFileReference; lastKnownFileType = sourcecode.swift; path = HomeView.swift; sourceTree = "<group>"; };
		83B346812DA9696400DEC239 /* LoginView.swift */ = {isa = PBXFileReference; lastKnownFileType = sourcecode.swift; path = LoginView.swift; sourceTree = "<group>"; };
		83B346822DA9696400DEC239 /* ProjectDetailView.swift */ = {isa = PBXFileReference; lastKnownFileType = sourcecode.swift; path = ProjectDetailView.swift; sourceTree = "<group>"; };
		83B346832DA9696400DEC239 /* ProjectsListView.swift */ = {isa = PBXFileReference; lastKnownFileType = sourcecode.swift; path = ProjectsListView.swift; sourceTree = "<group>"; };
		83B346842DA9696400DEC239 /* UserCompletedTaskView.swift */ = {isa = PBXFileReference; lastKnownFileType = sourcecode.swift; path = UserCompletedTaskView.swift; sourceTree = "<group>"; };
		83B346852DA9696400DEC239 /* UserSearchScreen.swift */ = {isa = PBXFileReference; lastKnownFileType = sourcecode.swift; path = UserSearchScreen.swift; sourceTree = "<group>"; };
		83B346862DA9696400DEC239 /* UserTasksView.swift */ = {isa = PBXFileReference; lastKnownFileType = sourcecode.swift; path = UserTasksView.swift; sourceTree = "<group>"; };
		83B346882DA9696400DEC239 /* .gitignore */ = {isa = PBXFileReference; lastKnownFileType = text; path = .gitignore; sourceTree = "<group>"; };
		83B346892DA9696400DEC239 /* Assets.xcassets */ = {isa = PBXFileReference; lastKnownFileType = folder.assetcatalog; path = Assets.xcassets; sourceTree = "<group>"; };
		83B3468A2DA9696400DEC239 /* Constants.swift */ = {isa = PBXFileReference; lastKnownFileType = sourcecode.swift; path = Constants.swift; sourceTree = "<group>"; };
		83B3468B2DA9696400DEC239 /* ContentView.swift */ = {isa = PBXFileReference; lastKnownFileType = sourcecode.swift; path = ContentView.swift; sourceTree = "<group>"; };
		83B3468C2DA9696400DEC239 /* GoogleService-Info.plist */ = {isa = PBXFileReference; lastKnownFileType = text.plist.xml; path = "GoogleService-Info.plist"; sourceTree = "<group>"; };
		83B3468D2DA9696400DEC239 /* Info.plist */ = {isa = PBXFileReference; lastKnownFileType = text.plist.xml; path = Info.plist; sourceTree = "<group>"; };
		83B3468E2DA9696400DEC239 /* ProjectBloomApp.swift */ = {isa = PBXFileReference; lastKnownFileType = sourcecode.swift; path = ProjectBloomApp.swift; sourceTree = "<group>"; };
/* End PBXFileReference section */

/* Begin PBXFrameworksBuildPhase section */
		831B82CA2CDD37C7000A48AF /* Frameworks */ = {
			isa = PBXFrameworksBuildPhase;
			buildActionMask = 2147483647;
			files = (
				8397EFC42CE41B16005F9F2E /* FirebaseAnalytics in Frameworks */,
				8397EFC82CE41B16005F9F2E /* FirebaseCore in Frameworks */,
				8373A7022CE55541007E1274 /* GoogleSignInSwift in Frameworks */,
				8397EFCA2CE41B16005F9F2E /* FirebaseDatabase in Frameworks */,
				8397EFEA2CE4224E005F9F2E /* FirebaseFirestore in Frameworks */,
				8397EFC62CE41B16005F9F2E /* FirebaseAuth in Frameworks */,
				8373A7002CE55541007E1274 /* GoogleSignIn in Frameworks */,
			);
			runOnlyForDeploymentPostprocessing = 0;
		};
/* End PBXFrameworksBuildPhase section */

/* Begin PBXGroup section */
		831B82C42CDD37C7000A48AF = {
			isa = PBXGroup;
			children = (
				830C7D0D2CF3D96D00B03417 /* Poppins-Bold.ttf */,
				83A001B92CF3D7F800863A63 /* Poppins-Regular.ttf */,
				8397EFE82CE4224E005F9F2E /* Frameworks */,
				831B82CE2CDD37C7000A48AF /* Products */,
				83B3468F2DA9696400DEC239 /* ProjectBloom */,
				83B3468E2DA9696400DEC239 /* ProjectBloomApp.swift */,
			);
			sourceTree = "<group>";
		};
		831B82CE2CDD37C7000A48AF /* Products */ = {
			isa = PBXGroup;
			children = (
				831B82CD2CDD37C7000A48AF /* ProjectBloom.app */,
			);
			name = Products;
			sourceTree = "<group>";
		};
		8397EFE82CE4224E005F9F2E /* Frameworks */ = {
			isa = PBXGroup;
			children = (
			);
			name = Frameworks;
			sourceTree = "<group>";
		};
		83B346702DA9696400DEC239 /* Models */ = {
			isa = PBXGroup;
			children = (
				83B3466D2DA9696400DEC239 /* Project.swift */,
				83B3466E2DA9696400DEC239 /* ProjectTask.swift */,
				83B3466F2DA9696400DEC239 /* UserDetails.swift */,
			);
			path = Models;
			sourceTree = "<group>";
		};
		83B346762DA9696400DEC239 /* Networking */ = {
			isa = PBXGroup;
			children = (
				83B346712DA9696400DEC239 /* AuthManager.swift */,
				83B346722DA9696400DEC239 /* AuthViewModel.swift */,
				83B346732DA9696400DEC239 /* DatabaseManager.swift */,
				83B346742DA9696400DEC239 /* DatabaseViewModel.swift */,
				83B346752DA9696400DEC239 /* GoogleSignInManager.swift */,
			);
			path = Networking;
			sourceTree = "<group>";
		};
		83B346782DA9696400DEC239 /* Preview Content */ = {
			isa = PBXGroup;
			children = (
				83B346772DA9696400DEC239 /* Preview Assets.xcassets */,
			);
			path = "Preview Content";
			sourceTree = "<group>";
		};
		83B346872DA9696400DEC239 /* Views */ = {
			isa = PBXGroup;
			children = (
				83B346792DA9696400DEC239 /* AccountView.swift */,
				83B3467A2DA9696400DEC239 /* AuthenticatedHomeView.swift */,
				83B3467B2DA9696400DEC239 /* CharacterCounterView.swift */,
				83B3467C2DA9696400DEC239 /* DeleteCompletedTaskAlertView.swift */,
				830044D42DC2C4F200439EC8 /* RemoveUserAlertView.swift */,
				83B3467D2DA9696400DEC239 /* DeleteProjectAlertView.swift */,
				83B3467E2DA9696400DEC239 /* EditProjectView.swift */,
				83B3467F2DA9696400DEC239 /* EditTaskView.swift */,
				83B346802DA9696400DEC239 /* HomeView.swift */,
				83B346812DA9696400DEC239 /* LoginView.swift */,
				83B346822DA9696400DEC239 /* ProjectDetailView.swift */,
				83B346832DA9696400DEC239 /* ProjectsListView.swift */,
				83B346842DA9696400DEC239 /* UserCompletedTaskView.swift */,
				83B346852DA9696400DEC239 /* UserSearchScreen.swift */,
				8387D5BE2DA9AA10003006C0 /* UserSearchItem.swift */,
				83B346862DA9696400DEC239 /* UserTasksView.swift */,
			);
			path = Views;
			sourceTree = "<group>";
		};
		83B3468F2DA9696400DEC239 /* ProjectBloom */ = {
			isa = PBXGroup;
			children = (
				83B346882DA9696400DEC239 /* .gitignore */,
				83B346892DA9696400DEC239 /* Assets.xcassets */,
				83B3468A2DA9696400DEC239 /* Constants.swift */,
				83B3468B2DA9696400DEC239 /* ContentView.swift */,
				83B3468C2DA9696400DEC239 /* GoogleService-Info.plist */,
				83B3468D2DA9696400DEC239 /* Info.plist */,
				83B346702DA9696400DEC239 /* Models */,
				83B346762DA9696400DEC239 /* Networking */,
				83B346782DA9696400DEC239 /* Preview Content */,
				83B346872DA9696400DEC239 /* Views */,
				836BB7CE2DBAD3EF00C9F8AC /* Localizable.strings */,
			);
			path = ProjectBloom;
			sourceTree = "<group>";
		};
/* End PBXGroup section */

/* Begin PBXNativeTarget section */
		831B82CC2CDD37C7000A48AF /* ProjectBloom */ = {
			isa = PBXNativeTarget;
			buildConfigurationList = 831B82DB2CDD37C8000A48AF /* Build configuration list for PBXNativeTarget "ProjectBloom" */;
			buildPhases = (
				831B82C92CDD37C7000A48AF /* Sources */,
				831B82CA2CDD37C7000A48AF /* Frameworks */,
				831B82CB2CDD37C7000A48AF /* Resources */,
			);
			buildRules = (
			);
			dependencies = (
			);
			name = ProjectBloom;
			packageProductDependencies = (
				8397EFC32CE41B16005F9F2E /* FirebaseAnalytics */,
				8397EFC52CE41B16005F9F2E /* FirebaseAuth */,
				8397EFC72CE41B16005F9F2E /* FirebaseCore */,
				8397EFC92CE41B16005F9F2E /* FirebaseDatabase */,
				8397EFE92CE4224E005F9F2E /* FirebaseFirestore */,
				8373A6FF2CE55541007E1274 /* GoogleSignIn */,
				8373A7012CE55541007E1274 /* GoogleSignInSwift */,
			);
			productName = ProjectBloom;
			productReference = 831B82CD2CDD37C7000A48AF /* ProjectBloom.app */;
			productType = "com.apple.product-type.application";
		};
/* End PBXNativeTarget section */

/* Begin PBXProject section */
		831B82C52CDD37C7000A48AF /* Project object */ = {
			isa = PBXProject;
			attributes = {
				BuildIndependentTargetsInParallel = 1;
				LastSwiftUpdateCheck = 1610;
				LastUpgradeCheck = 1630;
				TargetAttributes = {
					831B82CC2CDD37C7000A48AF = {
						CreatedOnToolsVersion = 16.1;
					};
				};
			};
			buildConfigurationList = 831B82C82CDD37C7000A48AF /* Build configuration list for PBXProject "ProjectBloom" */;
			developmentRegion = en;
			hasScannedForEncodings = 0;
			knownRegions = (
				en,
				Base,
			);
			mainGroup = 831B82C42CDD37C7000A48AF;
			minimizedProjectReferenceProxies = 1;
			packageReferences = (
				8397EFC22CE41B16005F9F2E /* XCRemoteSwiftPackageReference "firebase-ios-sdk" */,
				8373A6FE2CE55541007E1274 /* XCRemoteSwiftPackageReference "GoogleSignIn-iOS" */,
			);
			preferredProjectObjectVersion = 77;
			productRefGroup = 831B82CE2CDD37C7000A48AF /* Products */;
			projectDirPath = "";
			projectRoot = "";
			targets = (
				831B82CC2CDD37C7000A48AF /* ProjectBloom */,
			);
		};
/* End PBXProject section */

/* Begin PBXResourcesBuildPhase section */
		831B82CB2CDD37C7000A48AF /* Resources */ = {
			isa = PBXResourcesBuildPhase;
			buildActionMask = 2147483647;
			files = (
				83A001BA2CF3D7F800863A63 /* Poppins-Regular.ttf in Resources */,
				830C7D0E2CF3D96D00B03417 /* Poppins-Bold.ttf in Resources */,
				83B346902DA9696400DEC239 /* Preview Assets.xcassets in Resources */,
				836BB7CF2DBAD3EF00C9F8AC /* Localizable.strings in Resources */,
				83B346912DA9696400DEC239 /* .gitignore in Resources */,
				83B346922DA9696400DEC239 /* Assets.xcassets in Resources */,
				83B346932DA9696400DEC239 /* GoogleService-Info.plist in Resources */,
			);
			runOnlyForDeploymentPostprocessing = 0;
		};
/* End PBXResourcesBuildPhase section */

/* Begin PBXSourcesBuildPhase section */
		831B82C92CDD37C7000A48AF /* Sources */ = {
			isa = PBXSourcesBuildPhase;
			buildActionMask = 2147483647;
			files = (
				83B346952DA9696400DEC239 /* Project.swift in Sources */,
				8387D5BF2DA9AA10003006C0 /* UserSearchItem.swift in Sources */,
				83B346962DA9696400DEC239 /* ProjectTask.swift in Sources */,
				83B346972DA9696400DEC239 /* UserDetails.swift in Sources */,
				83B346982DA9696400DEC239 /* AuthManager.swift in Sources */,
				83B346992DA9696400DEC239 /* AuthViewModel.swift in Sources */,
				83B3469A2DA9696400DEC239 /* DatabaseManager.swift in Sources */,
				830044D52DC2C4F200439EC8 /* RemoveUserAlertView.swift in Sources */,
				83B3469B2DA9696400DEC239 /* DatabaseViewModel.swift in Sources */,
				83B3469C2DA9696400DEC239 /* GoogleSignInManager.swift in Sources */,
				83B3469D2DA9696400DEC239 /* AccountView.swift in Sources */,
				83B3469E2DA9696400DEC239 /* AuthenticatedHomeView.swift in Sources */,
				83B3469F2DA9696400DEC239 /* CharacterCounterView.swift in Sources */,
				83B346A02DA9696400DEC239 /* DeleteCompletedTaskAlertView.swift in Sources */,
				83B346A12DA9696400DEC239 /* DeleteProjectAlertView.swift in Sources */,
				83B346A22DA9696400DEC239 /* EditProjectView.swift in Sources */,
				83B346A32DA9696400DEC239 /* EditTaskView.swift in Sources */,
				83B346A42DA9696400DEC239 /* HomeView.swift in Sources */,
				83B346A52DA9696400DEC239 /* LoginView.swift in Sources */,
				83B346A62DA9696400DEC239 /* ProjectDetailView.swift in Sources */,
				83B346A72DA9696400DEC239 /* ProjectsListView.swift in Sources */,
				83B346A82DA9696400DEC239 /* UserCompletedTaskView.swift in Sources */,
				83B346A92DA9696400DEC239 /* UserSearchScreen.swift in Sources */,
				83B346AA2DA9696400DEC239 /* UserTasksView.swift in Sources */,
				83B346AB2DA9696400DEC239 /* Constants.swift in Sources */,
				83B346AC2DA9696400DEC239 /* ContentView.swift in Sources */,
				83B346AD2DA9696400DEC239 /* ProjectBloomApp.swift in Sources */,
			);
			runOnlyForDeploymentPostprocessing = 0;
		};
/* End PBXSourcesBuildPhase section */

/* Begin XCBuildConfiguration section */
		831B82D92CDD37C8000A48AF /* Debug */ = {
			isa = XCBuildConfiguration;
			buildSettings = {
				ALWAYS_SEARCH_USER_PATHS = NO;
				ASSETCATALOG_COMPILER_GENERATE_SWIFT_ASSET_SYMBOL_EXTENSIONS = YES;
				CLANG_ANALYZER_NONNULL = YES;
				CLANG_ANALYZER_NUMBER_OBJECT_CONVERSION = YES_AGGRESSIVE;
				CLANG_CXX_LANGUAGE_STANDARD = "gnu++20";
				CLANG_ENABLE_MODULES = YES;
				CLANG_ENABLE_OBJC_ARC = YES;
				CLANG_ENABLE_OBJC_WEAK = YES;
				CLANG_WARN_BLOCK_CAPTURE_AUTORELEASING = YES;
				CLANG_WARN_BOOL_CONVERSION = YES;
				CLANG_WARN_COMMA = YES;
				CLANG_WARN_CONSTANT_CONVERSION = YES;
				CLANG_WARN_DEPRECATED_OBJC_IMPLEMENTATIONS = YES;
				CLANG_WARN_DIRECT_OBJC_ISA_USAGE = YES_ERROR;
				CLANG_WARN_DOCUMENTATION_COMMENTS = YES;
				CLANG_WARN_EMPTY_BODY = YES;
				CLANG_WARN_ENUM_CONVERSION = YES;
				CLANG_WARN_INFINITE_RECURSION = YES;
				CLANG_WARN_INT_CONVERSION = YES;
				CLANG_WARN_NON_LITERAL_NULL_CONVERSION = YES;
				CLANG_WARN_OBJC_IMPLICIT_RETAIN_SELF = YES;
				CLANG_WARN_OBJC_LITERAL_CONVERSION = YES;
				CLANG_WARN_OBJC_ROOT_CLASS = YES_ERROR;
				CLANG_WARN_QUOTED_INCLUDE_IN_FRAMEWORK_HEADER = YES;
				CLANG_WARN_RANGE_LOOP_ANALYSIS = YES;
				CLANG_WARN_STRICT_PROTOTYPES = YES;
				CLANG_WARN_SUSPICIOUS_MOVE = YES;
				CLANG_WARN_UNGUARDED_AVAILABILITY = YES_AGGRESSIVE;
				CLANG_WARN_UNREACHABLE_CODE = YES;
				CLANG_WARN__DUPLICATE_METHOD_MATCH = YES;
				COPY_PHASE_STRIP = NO;
				DEBUG_INFORMATION_FORMAT = dwarf;
				DEVELOPMENT_TEAM = 899T7BV947;
				ENABLE_STRICT_OBJC_MSGSEND = YES;
				ENABLE_TESTABILITY = YES;
				ENABLE_USER_SCRIPT_SANDBOXING = YES;
				GCC_C_LANGUAGE_STANDARD = gnu17;
				GCC_DYNAMIC_NO_PIC = NO;
				GCC_NO_COMMON_BLOCKS = YES;
				GCC_OPTIMIZATION_LEVEL = 0;
				GCC_PREPROCESSOR_DEFINITIONS = (
					"DEBUG=1",
					"$(inherited)",
				);
				GCC_WARN_64_TO_32_BIT_CONVERSION = YES;
				GCC_WARN_ABOUT_RETURN_TYPE = YES_ERROR;
				GCC_WARN_UNDECLARED_SELECTOR = YES;
				GCC_WARN_UNINITIALIZED_AUTOS = YES_AGGRESSIVE;
				GCC_WARN_UNUSED_FUNCTION = YES;
				GCC_WARN_UNUSED_VARIABLE = YES;
				IPHONEOS_DEPLOYMENT_TARGET = 18.1;
				LOCALIZATION_PREFERS_STRING_CATALOGS = YES;
				MTL_ENABLE_DEBUG_INFO = INCLUDE_SOURCE;
				MTL_FAST_MATH = YES;
				ONLY_ACTIVE_ARCH = YES;
				SDKROOT = iphoneos;
				SWIFT_ACTIVE_COMPILATION_CONDITIONS = "DEBUG $(inherited)";
				SWIFT_OPTIMIZATION_LEVEL = "-Onone";
			};
			name = Debug;
		};
		831B82DA2CDD37C8000A48AF /* Release */ = {
			isa = XCBuildConfiguration;
			buildSettings = {
				ALWAYS_SEARCH_USER_PATHS = NO;
				ASSETCATALOG_COMPILER_GENERATE_SWIFT_ASSET_SYMBOL_EXTENSIONS = YES;
				CLANG_ANALYZER_NONNULL = YES;
				CLANG_ANALYZER_NUMBER_OBJECT_CONVERSION = YES_AGGRESSIVE;
				CLANG_CXX_LANGUAGE_STANDARD = "gnu++20";
				CLANG_ENABLE_MODULES = YES;
				CLANG_ENABLE_OBJC_ARC = YES;
				CLANG_ENABLE_OBJC_WEAK = YES;
				CLANG_WARN_BLOCK_CAPTURE_AUTORELEASING = YES;
				CLANG_WARN_BOOL_CONVERSION = YES;
				CLANG_WARN_COMMA = YES;
				CLANG_WARN_CONSTANT_CONVERSION = YES;
				CLANG_WARN_DEPRECATED_OBJC_IMPLEMENTATIONS = YES;
				CLANG_WARN_DIRECT_OBJC_ISA_USAGE = YES_ERROR;
				CLANG_WARN_DOCUMENTATION_COMMENTS = YES;
				CLANG_WARN_EMPTY_BODY = YES;
				CLANG_WARN_ENUM_CONVERSION = YES;
				CLANG_WARN_INFINITE_RECURSION = YES;
				CLANG_WARN_INT_CONVERSION = YES;
				CLANG_WARN_NON_LITERAL_NULL_CONVERSION = YES;
				CLANG_WARN_OBJC_IMPLICIT_RETAIN_SELF = YES;
				CLANG_WARN_OBJC_LITERAL_CONVERSION = YES;
				CLANG_WARN_OBJC_ROOT_CLASS = YES_ERROR;
				CLANG_WARN_QUOTED_INCLUDE_IN_FRAMEWORK_HEADER = YES;
				CLANG_WARN_RANGE_LOOP_ANALYSIS = YES;
				CLANG_WARN_STRICT_PROTOTYPES = YES;
				CLANG_WARN_SUSPICIOUS_MOVE = YES;
				CLANG_WARN_UNGUARDED_AVAILABILITY = YES_AGGRESSIVE;
				CLANG_WARN_UNREACHABLE_CODE = YES;
				CLANG_WARN__DUPLICATE_METHOD_MATCH = YES;
				COPY_PHASE_STRIP = NO;
				DEBUG_INFORMATION_FORMAT = "dwarf-with-dsym";
				DEVELOPMENT_TEAM = 899T7BV947;
				ENABLE_NS_ASSERTIONS = NO;
				ENABLE_STRICT_OBJC_MSGSEND = YES;
				ENABLE_USER_SCRIPT_SANDBOXING = YES;
				GCC_C_LANGUAGE_STANDARD = gnu17;
				GCC_NO_COMMON_BLOCKS = YES;
				GCC_WARN_64_TO_32_BIT_CONVERSION = YES;
				GCC_WARN_ABOUT_RETURN_TYPE = YES_ERROR;
				GCC_WARN_UNDECLARED_SELECTOR = YES;
				GCC_WARN_UNINITIALIZED_AUTOS = YES_AGGRESSIVE;
				GCC_WARN_UNUSED_FUNCTION = YES;
				GCC_WARN_UNUSED_VARIABLE = YES;
				IPHONEOS_DEPLOYMENT_TARGET = 18.1;
				LOCALIZATION_PREFERS_STRING_CATALOGS = YES;
				MTL_ENABLE_DEBUG_INFO = NO;
				MTL_FAST_MATH = YES;
				SDKROOT = iphoneos;
				SWIFT_COMPILATION_MODE = wholemodule;
				VALIDATE_PRODUCT = YES;
			};
			name = Release;
		};
		831B82DC2CDD37C8000A48AF /* Debug */ = {
			isa = XCBuildConfiguration;
			buildSettings = {
				ASSETCATALOG_COMPILER_APPICON_NAME = AppIcon;
				ASSETCATALOG_COMPILER_GLOBAL_ACCENT_COLOR_NAME = AccentColor;
				CODE_SIGN_IDENTITY = "Apple Development";
				CODE_SIGN_STYLE = Automatic;
				CURRENT_PROJECT_VERSION = 1;
				DEVELOPMENT_ASSET_PATHS = "\"ProjectBloom/Preview Content\"";
				ENABLE_PREVIEWS = YES;
				GENERATE_INFOPLIST_FILE = YES;
				INFOPLIST_FILE = ProjectBloom/Info.plist;
				INFOPLIST_KEY_UIApplicationSceneManifest_Generation = YES;
				INFOPLIST_KEY_UIApplicationSupportsIndirectInputEvents = YES;
				INFOPLIST_KEY_UILaunchScreen_Generation = YES;
				INFOPLIST_KEY_UISupportedInterfaceOrientations_iPad = "UIInterfaceOrientationPortrait UIInterfaceOrientationPortraitUpsideDown UIInterfaceOrientationLandscapeLeft UIInterfaceOrientationLandscapeRight";
				INFOPLIST_KEY_UISupportedInterfaceOrientations_iPhone = "UIInterfaceOrientationPortrait UIInterfaceOrientationLandscapeLeft UIInterfaceOrientationLandscapeRight";
				LD_RUNPATH_SEARCH_PATHS = (
					"$(inherited)",
					"@executable_path/Frameworks",
				);
				MARKETING_VERSION = 1.0;
				PRODUCT_BUNDLE_IDENTIFIER = com.blossombuild.projectBloom;
				PRODUCT_NAME = "$(TARGET_NAME)";
				PROVISIONING_PROFILE_SPECIFIER = "";
				SWIFT_EMIT_LOC_STRINGS = YES;
				SWIFT_VERSION = 5.0;
				TARGETED_DEVICE_FAMILY = "1,2";
			};
			name = Debug;
		};
		831B82DD2CDD37C8000A48AF /* Release */ = {
			isa = XCBuildConfiguration;
			buildSettings = {
				ASSETCATALOG_COMPILER_APPICON_NAME = AppIcon;
				ASSETCATALOG_COMPILER_GLOBAL_ACCENT_COLOR_NAME = AccentColor;
				CODE_SIGN_IDENTITY = "Apple Development";
				CODE_SIGN_STYLE = Automatic;
				CURRENT_PROJECT_VERSION = 1;
				DEVELOPMENT_ASSET_PATHS = "\"ProjectBloom/Preview Content\"";
				ENABLE_PREVIEWS = YES;
				GENERATE_INFOPLIST_FILE = YES;
				INFOPLIST_FILE = ProjectBloom/Info.plist;
				INFOPLIST_KEY_UIApplicationSceneManifest_Generation = YES;
				INFOPLIST_KEY_UIApplicationSupportsIndirectInputEvents = YES;
				INFOPLIST_KEY_UILaunchScreen_Generation = YES;
				INFOPLIST_KEY_UISupportedInterfaceOrientations_iPad = "UIInterfaceOrientationPortrait UIInterfaceOrientationPortraitUpsideDown UIInterfaceOrientationLandscapeLeft UIInterfaceOrientationLandscapeRight";
				INFOPLIST_KEY_UISupportedInterfaceOrientations_iPhone = "UIInterfaceOrientationPortrait UIInterfaceOrientationLandscapeLeft UIInterfaceOrientationLandscapeRight";
				LD_RUNPATH_SEARCH_PATHS = (
					"$(inherited)",
					"@executable_path/Frameworks",
				);
				MARKETING_VERSION = 1.0;
				PRODUCT_BUNDLE_IDENTIFIER = com.blossombuild.projectBloom;
				PRODUCT_NAME = "$(TARGET_NAME)";
				PROVISIONING_PROFILE_SPECIFIER = "";
				SWIFT_EMIT_LOC_STRINGS = YES;
				SWIFT_VERSION = 5.0;
				TARGETED_DEVICE_FAMILY = "1,2";
			};
			name = Release;
		};
/* End XCBuildConfiguration section */

/* Begin XCConfigurationList section */
		831B82C82CDD37C7000A48AF /* Build configuration list for PBXProject "ProjectBloom" */ = {
			isa = XCConfigurationList;
			buildConfigurations = (
				831B82D92CDD37C8000A48AF /* Debug */,
				831B82DA2CDD37C8000A48AF /* Release */,
			);
			defaultConfigurationIsVisible = 0;
			defaultConfigurationName = Release;
		};
		831B82DB2CDD37C8000A48AF /* Build configuration list for PBXNativeTarget "ProjectBloom" */ = {
			isa = XCConfigurationList;
			buildConfigurations = (
				831B82DC2CDD37C8000A48AF /* Debug */,
				831B82DD2CDD37C8000A48AF /* Release */,
			);
			defaultConfigurationIsVisible = 0;
			defaultConfigurationName = Release;
		};
/* End XCConfigurationList section */

/* Begin XCRemoteSwiftPackageReference section */
		8373A6FE2CE55541007E1274 /* XCRemoteSwiftPackageReference "GoogleSignIn-iOS" */ = {
			isa = XCRemoteSwiftPackageReference;
			repositoryURL = "https://github.com/google/GoogleSignIn-iOS";
			requirement = {
				kind = upToNextMajorVersion;
				minimumVersion = 8.0.0;
			};
		};
		8397EFC22CE41B16005F9F2E /* XCRemoteSwiftPackageReference "firebase-ios-sdk" */ = {
			isa = XCRemoteSwiftPackageReference;
			repositoryURL = "https://github.com/firebase/firebase-ios-sdk";
			requirement = {
				kind = upToNextMajorVersion;
				minimumVersion = 11.5.0;
			};
		};
/* End XCRemoteSwiftPackageReference section */

/* Begin XCSwiftPackageProductDependency section */
		8373A6FF2CE55541007E1274 /* GoogleSignIn */ = {
			isa = XCSwiftPackageProductDependency;
			package = 8373A6FE2CE55541007E1274 /* XCRemoteSwiftPackageReference "GoogleSignIn-iOS" */;
			productName = GoogleSignIn;
		};
		8373A7012CE55541007E1274 /* GoogleSignInSwift */ = {
			isa = XCSwiftPackageProductDependency;
			package = 8373A6FE2CE55541007E1274 /* XCRemoteSwiftPackageReference "GoogleSignIn-iOS" */;
			productName = GoogleSignInSwift;
		};
		8397EFC32CE41B16005F9F2E /* FirebaseAnalytics */ = {
			isa = XCSwiftPackageProductDependency;
			package = 8397EFC22CE41B16005F9F2E /* XCRemoteSwiftPackageReference "firebase-ios-sdk" */;
			productName = FirebaseAnalytics;
		};
		8397EFC52CE41B16005F9F2E /* FirebaseAuth */ = {
			isa = XCSwiftPackageProductDependency;
			package = 8397EFC22CE41B16005F9F2E /* XCRemoteSwiftPackageReference "firebase-ios-sdk" */;
			productName = FirebaseAuth;
		};
		8397EFC72CE41B16005F9F2E /* FirebaseCore */ = {
			isa = XCSwiftPackageProductDependency;
			package = 8397EFC22CE41B16005F9F2E /* XCRemoteSwiftPackageReference "firebase-ios-sdk" */;
			productName = FirebaseCore;
		};
		8397EFC92CE41B16005F9F2E /* FirebaseDatabase */ = {
			isa = XCSwiftPackageProductDependency;
			package = 8397EFC22CE41B16005F9F2E /* XCRemoteSwiftPackageReference "firebase-ios-sdk" */;
			productName = FirebaseDatabase;
		};
		8397EFE92CE4224E005F9F2E /* FirebaseFirestore */ = {
			isa = XCSwiftPackageProductDependency;
			package = 8397EFC22CE41B16005F9F2E /* XCRemoteSwiftPackageReference "firebase-ios-sdk" */;
			productName = FirebaseFirestore;
		};
/* End XCSwiftPackageProductDependency section */
	};
	rootObject = 831B82C52CDD37C7000A48AF /* Project object */;
}
